PODS:
  - SocialSDKs_Swift_TencentQQ (0.1.0)
  - SocialSDKs_Swift_WeChat (0.1.0)
  - SocialSDKs_Swift_Weibo (0.1.0):
    - SocialSDKs_Swift_WeiboSDKBundle (= 0.1.0)
  - SocialSDKs_Swift_WeiboSDKBundle (0.1.0)

DEPENDENCIES:
  - SocialSDKs_Swift_TencentQQ (from `../`)
  - SocialSDKs_Swift_WeChat (from `../`)
  - SocialSDKs_Swift_Weibo (from `../`)
  - SocialSDKs_Swift_WeiboSDKBundle (from `../`)

EXTERNAL SOURCES:
  SocialSDKs_Swift_TencentQQ:
    :path: "../"
  SocialSDKs_Swift_WeChat:
    :path: "../"
  SocialSDKs_Swift_Weibo:
    :path: "../"
  SocialSDKs_Swift_WeiboSDKBundle:
    :path: "../"

SPEC CHECKSUMS:
  SocialSDKs_Swift_TencentQQ: d32ccba6eec59eeb7cd24180b72dca33f5bcda62
  SocialSDKs_Swift_WeChat: 1c351b2eaa0b28ae0018b6889bcfe73af14f7a6b
  SocialSDKs_Swift_Weibo: 79615e52877daacccb122fc11c199498260a9757
  SocialSDKs_Swift_WeiboSDKBundle: 0eac965c9e749b3909cc8eee30be225d576e55db

PODFILE CHECKSUM: 7d1a3302ec19c190f9f729d2bca980bae843781f

COCOAPODS: 1.7.5
