PODS:
  - SocialSDKs_Swift_TencentQQ (0.1.1)
  - SocialSDKs_Swift_WeChat (0.1.1)
  - SocialSDKs_Swift_Weibo (0.1.1):
    - SocialSDKs_Swift_WeiboSDKBundle (= 0.1.0)
  - SocialSDKs_Swift_WeiboSDKBundle (0.1.0)

DEPENDENCIES:
  - SocialSDKs_Swift_TencentQQ (from `../`)
  - SocialSDKs_Swift_WeChat (from `../`)
  - SocialSDKs_Swift_Weibo (from `../`)
  - SocialSDKs_Swift_WeiboSDKBundle (from `../`)

EXTERNAL SOURCES:
  SocialSDKs_Swift_TencentQQ:
    :path: "../"
  SocialSDKs_Swift_WeChat:
    :path: "../"
  SocialSDKs_Swift_Weibo:
    :path: "../"
  SocialSDKs_Swift_WeiboSDKBundle:
    :path: "../"

SPEC CHECKSUMS:
  SocialSDKs_Swift_TencentQQ: e3232d97ffa8ca8799dfc2f461527277e805a54c
  SocialSDKs_Swift_WeChat: dd66850e5d03f44bdd253c90e4eea20691dda717
  SocialSDKs_Swift_Weibo: 5f5f898883125ef4e0a21df013bf2259792fc19e
  SocialSDKs_Swift_WeiboSDKBundle: 0eac965c9e749b3909cc8eee30be225d576e55db

PODFILE CHECKSUM: 7d1a3302ec19c190f9f729d2bca980bae843781f

COCOAPODS: 1.7.5
