PODS:
  - SocialSDKs_Swift_TencentQQ (0.1.0)
  - SocialSDKs_Swift_WeChat (0.1.0)
  - SocialSDKs_Swift_Weibo (0.1.0):
    - SocialSDKs_Swift_WeiboSDKBundle (~> 0.1.0)
  - SocialSDKs_Swift_WeiboSDKBundle (0.1.0)

DEPENDENCIES:
  - SocialSDKs_Swift_TencentQQ (from `../`)
  - SocialSDKs_Swift_WeChat (from `../`)
  - SocialSDKs_Swift_Weibo (from `../`)
  - SocialSDKs_Swift_WeiboSDKBundle (from `../`)

EXTERNAL SOURCES:
  SocialSDKs_Swift_TencentQQ:
    :path: "../"
  SocialSDKs_Swift_WeChat:
    :path: "../"
  SocialSDKs_Swift_Weibo:
    :path: "../"
  SocialSDKs_Swift_WeiboSDKBundle:
    :path: "../"

SPEC CHECKSUMS:
  SocialSDKs_Swift_TencentQQ: bbc67edc7e12c40bdd8bc7e2421642e314d5e453
  SocialSDKs_Swift_WeChat: 48fb791a43f57e664c401371e2ff3a4c01e15599
  SocialSDKs_Swift_Weibo: 0a37951c2ff84fd22742424aec29ca48d0b49400
  SocialSDKs_Swift_WeiboSDKBundle: 0eac965c9e749b3909cc8eee30be225d576e55db

PODFILE CHECKSUM: 7d1a3302ec19c190f9f729d2bca980bae843781f

COCOAPODS: 1.7.5
